{
  "name": "evobot",
  "version": "0.4.0",
  "lockfileVersion": 1,
  "requires": true,
  "dependencies": {
    "@discordjs/opus": {
      "version": "0.1.0",
      "requires": {
        "node-addon-api": "^2.0.0",
        "node-pre-gyp": "^0.14.0"
      }
    },
    "@types/node": {
      "version": "13.13.9"
    },
    "axios": {
      "version": "0.19.2",
      "requires": {
        "follow-redirects": "1.5.10"
      }
    },
    "bufferutil": {
      "version": "4.0.1",
      "requires": {
        "node-gyp-build": "~3.7.0"
      }
    },
    "cheerio": {
      "version": "0.22.0",
      "requires": {
        "css-select": "~1.2.0",
        "dom-serializer": "~0.1.0",
        "entities": "~1.1.1",
        "htmlparser2": "^3.9.1",
        "lodash.assignin": "^4.0.9",
        "lodash.bind": "^4.1.4",
        "lodash.defaults": "^4.0.1",
        "lodash.filter": "^4.4.0",
        "lodash.flatten": "^4.2.0",
        "lodash.foreach": "^4.3.0",
        "lodash.map": "^4.4.0",
        "lodash.merge": "^4.4.0",
        "lodash.pick": "^4.2.1",
        "lodash.reduce": "^4.4.0",
        "lodash.reject": "^4.4.0",
        "lodash.some": "^4.4.0"
      }
    },
    "discord.js": {
      "version": "12.2.0",
      "requires": {
        "@discordjs/collection": "^0.1.5",
        "@discordjs/form-data": "^3.0.1",
        "abort-controller": "^3.0.0",
        "node-fetch": "^2.6.0",
        "prism-media": "^1.2.0",
        "setimmediate": "^1.0.5",
        "tweetnacl": "^1.0.3",
        "ws": "^7.2.1"
      }
    },
    "erlpack": {
      "version": "0.1.3",
      "requires": {
        "bindings": "^1.5.0",
        "nan": "^2.14.0"
      }
    },
    "express": {
      "version": "4.17.1",
      "requires": {
        "accepts": "~1.3.7",
        "array-flatten": "1.1.1",
        "body-parser": "1.19.0",
        "content-disposition": "0.5.3",
        "content-type": "~1.0.4",
        "cookie": "0.4.0",
        "cookie-signature": "1.0.6",
        "debug": "2.6.9",
        "depd": "~1.1.2",
        "encodeurl": "~1.0.2",
        "escape-html": "~1.0.3",
        "etag": "~1.8.1",
        "finalhandler": "~1.1.2",
        "fresh": "0.5.2",
        "merge-descriptors": "1.0.1",
        "methods": "~1.1.2",
        "on-finished": "~2.3.0",
        "parseurl": "~1.3.3",
        "path-to-regexp": "0.1.7",
        "proxy-addr": "~2.0.5",
        "qs": "6.7.0",
        "range-parser": "~1.2.1",
        "safe-buffer": "5.1.2",
        "send": "0.17.1",
        "serve-static": "1.14.1",
        "setprototypeof": "1.1.1",
        "statuses": "~1.5.0",
        "type-is": "~1.6.18",
        "utils-merge": "1.0.1",
        "vary": "~1.1.2"
      }
    },
    "ffmpeg-static": {
      "version": "4.2.2",
      "requires": {
        "@derhuerst/http-basic": "^8.2.0",
        "env-paths": "^2.2.0",
        "https-proxy-agent": "^5.0.0",
        "progress": "^2.0.3"
      }
    },
    "genius-api": {
      "version": "github:jahrlin/genius-api#82ba446951a9f30cf2823e57b1e2091aa76a7ea0",
      "from": "github:jahrlin/genius-api",
      "requires": {
        "lodash": "^3.9.3",
        "request": "^2.58.0"
      }
    },
    "http": {
      "version": "0.0.0"
    },
    "libsodium": {
      "version": "0.7.6"
    },
    "lodash": {
      "version": "3.10.1"
    },
    "node-opus": {
      "version": "0.3.3",
      "requires": {
        "bindings": "~1.2.1",
        "commander": "^2.9.0",
        "nan": "^2.14.0",
        "ogg-packet": "^1.0.0"
      }
    },
    "node-superfetch": {
      "version": "0.1.10",
      "requires": {
        "form-data": "^2.3.2",
        "node-fetch": "^2.6.0"
      }
    },
    "prism-media": {
      "version": "1.2.2"
    },
    "quick.db": {
      "version": "7.1.1",
      "requires": {
        "better-sqlite3": "^6.0.1",
        "lodash": "4.17.15"
      }
    },
    "request": {
      "version": "2.88.2",
      "requires": {
        "aws-sign2": "~0.7.0",
        "aws4": "^1.8.0",
        "caseless": "~0.12.0",
        "combined-stream": "~1.0.6",
        "extend": "~3.0.2",
        "forever-agent": "~0.6.1",
        "form-data": "~2.3.2",
        "har-validator": "~5.1.3",
        "http-signature": "~1.2.0",
        "is-typedarray": "~1.0.0",
        "isstream": "~0.1.2",
        "json-stringify-safe": "~5.0.1",
        "mime-types": "~2.1.19",
        "oauth-sign": "~0.9.0",
        "performance-now": "^2.1.0",
        "qs": "~6.5.2",
        "safe-buffer": "^5.1.2",
        "tough-cookie": "~2.5.0",
        "tunnel-agent": "^0.6.0",
        "uuid": "^3.3.2"
      }
    },
    "simple-youtube-api": {
      "version": "5.2.1",
      "requires": {
        "iso8601-duration": "^1.2.0",
        "node-fetch": "^2.6.0"
      }
    },
    "sodium": {
      "version": "3.0.2",
      "requires": {
        "node-addon-api": "*"
      }
    },
    "utf-8-validate": {
      "version": "5.0.2",
      "requires": {
        "node-gyp-build": "~3.7.0"
      }
    },
    "ytdl-core": {
      "version": "2.1.5",
      "requires": {
        "html-entities": "^1.3.1",
        "m3u8stream": "^0.7.1",
        "miniget": "^1.7.2",
        "sax": "^1.1.3"
      }
    },
    "ytdl-core-discord": {
      "version": "github:amishshah/ytdl-core-discord#4420ca1761970891de03e07956dfa9296757d382",
      "from": "github:amishshah/ytdl-core-discord",
      "requires": {
        "@types/node": "^13.13.5",
        "prism-media": "^1.2.2",
        "ytdl-core": "^2.1.2"
      }
    },
    "zlib-sync": {
      "version": "0.1.6",
      "requires": {
        "nan": "^2.14.0"
      }
    }
  }
}
